// !$*UTF8*$!
{
	archiveVersion = 1;
	classes = {
	};
	objectVersion = 46;
	objects = {
/* Begin PBXBuildFile section */
		0207DA581B56EA530066E2B4 /* Images.xcassets in Resources */ = {isa = PBXBuildFile; fileRef = 0207DA571B56EA530066E2B4 /* Images.xcassets */; };
		1D3623260D0F684500981E51 /* AppDelegate.m in Sources */ = {isa = PBXBuildFile; fileRef = 1D3623250D0F684500981E51 /* AppDelegate.m */; };
		1D60589B0D05DD56006BFB54 /* main.m in Sources */ = {isa = PBXBuildFile; fileRef = 29B97316FDCFA39411CA2CEA /* main.m */; };
		301BF552109A68D80062928A /* libCordova.a in Frameworks */ = {isa = PBXBuildFile; fileRef = 301BF535109A57CC0062928A /* libCordova.a */; };
		302D95F114D2391D003F00A1 /* MainViewController.m in Sources */ = {isa = PBXBuildFile; fileRef = 302D95EF14D2391D003F00A1 /* MainViewController.m */; };
		302D95F214D2391D003F00A1 /* MainViewController.xib in Resources */ = {isa = PBXBuildFile; fileRef = 302D95F014D2391D003F00A1 /* MainViewController.xib */; };
		3047A5121AB8059700498E2A /* build-debug.xcconfig in Resources */ = {isa = PBXBuildFile; fileRef = 3047A50F1AB8059700498E2A /* build-debug.xcconfig */; };
		3047A5131AB8059700498E2A /* build-release.xcconfig in Resources */ = {isa = PBXBuildFile; fileRef = 3047A5101AB8059700498E2A /* build-release.xcconfig */; };
		3047A5141AB8059700498E2A /* build.xcconfig in Resources */ = {isa = PBXBuildFile; fileRef = 3047A5111AB8059700498E2A /* build.xcconfig */; };
		6AFF5BF91D6E424B00AB3073 /* CDVLaunchScreen.storyboard in Resources */ = {isa = PBXBuildFile; fileRef = 6AFF5BF81D6E424B00AB3073 /* CDVLaunchScreen.storyboard */; };
		095647A7B8144A56A9C0E6BE /* BluetoothDongle.m in Sources */ = {isa = PBXBuildFile; fileRef = BA7BC335613B4575BB105073 /* BluetoothDongle.m */; };
		CBB7F4EE6840451F8A55418E /* ExternalAccessory.framework in Frameworks */ = {isa = PBXBuildFile; fileRef = ED1AD4B4685945A286740080 /* ExternalAccessory.framework */; settings = {ATTRIBUTES = (Weak, ); }; };
		F4D682F25D914860ACA7D2E6 /* CFCallNumber.m in Sources */ = {isa = PBXBuildFile; fileRef = 363F5906B7444FF885BAD2B1 /* CFCallNumber.m */; };
		6A29E1C54592432DA85FFFE0 /* CDVBattery.m in Sources */ = {isa = PBXBuildFile; fileRef = 2BAD76D7A68B40F6AB8856FE /* CDVBattery.m */; };
		792FDE6DDC42415CB0E5BBB8 /* UIImage+CropScaleOrientation.m in Sources */ = {isa = PBXBuildFile; fileRef = 2E89C6ABE8E443C7BD884A25 /* UIImage+CropScaleOrientation.m */; };
		76F59EF16B8D47EF8C1978AC /* CDVCamera.m in Sources */ = {isa = PBXBuildFile; fileRef = 06769B9988E7407E9270A458 /* CDVCamera.m */; };
		752708ADA02C4B9B9A48C6BF /* CDVJpegHeaderWriter.m in Sources */ = {isa = PBXBuildFile; fileRef = 8BAC405371D14A78AD003F73 /* CDVJpegHeaderWriter.m */; };
		E16D82D4B3A6455C82F58FBF /* ImageIO.framework in Frameworks */ = {isa = PBXBuildFile; fileRef = 9F6C64536D6A4FA490579A5B /* ImageIO.framework */; settings = {ATTRIBUTES = (Weak, ); }; };
		7952F9C0ADF84676BF2B8DD4 /* CoreLocation.framework in Frameworks */ = {isa = PBXBuildFile; fileRef = 4CA9E16ED6EF4A488F445150 /* CoreLocation.framework */; };
		55E9CEEAEC8D491082B0CAAC /* AVFoundation.framework in Frameworks */ = {isa = PBXBuildFile; fileRef = 7F73789C6F3443B8B8DA7B4E /* AVFoundation.framework */; };
		17E24B6ECBD145C7B6EE7048 /* CDVLogger.m in Sources */ = {isa = PBXBuildFile; fileRef = FC9B3FB0EFFE4324A12973C1 /* CDVLogger.m */; };
		F7AA7BD674CD4BFF81D5DFB6 /* CDVContacts.m in Sources */ = {isa = PBXBuildFile; fileRef = 912217BD1B3F46219C271BB4 /* CDVContacts.m */; };
		870BCA428E644EFA9581B55A /* CDVContact.m in Sources */ = {isa = PBXBuildFile; fileRef = FDFA12112D2748728DC28FD0 /* CDVContact.m */; };
		FA97A2F493784D158A516565 /* AddressBook.framework in Frameworks */ = {isa = PBXBuildFile; fileRef = 36113D5D39724E0BABAA3C52 /* AddressBook.framework */; settings = {ATTRIBUTES = (Weak, ); }; };
		DC8E5F1BAF4948F9BACE3C97 /* AddressBookUI.framework in Frameworks */ = {isa = PBXBuildFile; fileRef = 22BF67C29D644FF6994FB5D9 /* AddressBookUI.framework */; settings = {ATTRIBUTES = (Weak, ); }; };
		338D22D3536D4153910C9861 /* CDVCrypt.m in Sources */ = {isa = PBXBuildFile; fileRef = A0AC2179EAC64D0B8AACC4EF /* CDVCrypt.m */; };
		D6BE984A7DCD485EB14D5FCD /* CDVCryptURLProtocol.m in Sources */ = {isa = PBXBuildFile; fileRef = C86575243F264268B14B3301 /* CDVCryptURLProtocol.m */; };
		F3D9AED365AB4390B4BBE0AA /* CDVDevice.m in Sources */ = {isa = PBXBuildFile; fileRef = 5FC3B9163C1D47B2A363E305 /* CDVDevice.m */; };
		321284144BEF42C283C3B068 /* libz.tbd in Frameworks */ = {isa = PBXBuildFile; fileRef = C4B0A1C82BB54BF981B16973 /* libz.tbd */; };
		C063288D71D048D99BCE2CAA /* CDVAccelerometer.m in Sources */ = {isa = PBXBuildFile; fileRef = 1127D3404D4646F1B5E176A3 /* CDVAccelerometer.m */; };
		D07AE092C0F0495382B91B5E /* CoreMotion.framework in Frameworks */ = {isa = PBXBuildFile; fileRef = 29AF2D50F8AC4270A3916A9A /* CoreMotion.framework */; };
		5C1270271BF54130849E90DA /* CDVCompass.m in Sources */ = {isa = PBXBuildFile; fileRef = D9D5AA9837FF43B8918940F6 /* CDVCompass.m */; };
		EBC9A925FBA3444686C9DBAF /* CDVNotification.m in Sources */ = {isa = PBXBuildFile; fileRef = 39CB1ED6FDEE4D7EAF8CEBD4 /* CDVNotification.m */; };
		53FA7D4ED7A64614996C2EB8 /* CDVNotification.bundle in Resources */ = {isa = PBXBuildFile; fileRef = B6A73F9984544EC7A248F459 /* CDVNotification.bundle */; };
		18FD4CF219FE457C97E541C9 /* AudioToolbox.framework in Frameworks */ = {isa = PBXBuildFile; fileRef = 481FC105E5C14C6589C7222F /* AudioToolbox.framework */; settings = {ATTRIBUTES = (Weak, ); }; };
		91D3D7CD3AA340BE9BD70CA8 /* CDVFile.m in Sources */ = {isa = PBXBuildFile; fileRef = D627FC51E5114824A0C0F0C5 /* CDVFile.m */; };
		11EC369B4A7D40F684940B45 /* CDVLocalFilesystem.m in Sources */ = {isa = PBXBuildFile; fileRef = AA262A9D10914A188046A69F /* CDVLocalFilesystem.m */; };
		E94731E62C8D44ABB8A15843 /* CDVAssetLibraryFilesystem.m in Sources */ = {isa = PBXBuildFile; fileRef = AD8DCB73C87A41DA8161E171 /* CDVAssetLibraryFilesystem.m */; };
		F430EB3716614B8E8B960163 /* CDVLocation.m in Sources */ = {isa = PBXBuildFile; fileRef = CCDFF079A8544A09A1CD56D8 /* CDVLocation.m */; };
		2F0DA99FACAA4C84BFC60208 /* CDVGlobalization.m in Sources */ = {isa = PBXBuildFile; fileRef = BC02C6195FC74FB592938C15 /* CDVGlobalization.m */; };
		FF920BE873E24265ACF0DF72 /* CDVInAppBrowser.m in Sources */ = {isa = PBXBuildFile; fileRef = 0E8B271B15BC4FF5B38C5F44 /* CDVInAppBrowser.m */; };
/* End PBXBuildFile section */

/* Begin PBXContainerItemProxy section */
		301BF534109A57CC0062928A /* PBXContainerItemProxy */ = {
			isa = PBXContainerItemProxy;
			containerPortal = 301BF52D109A57CC0062928A /* CordovaLib.xcodeproj */;
			proxyType = 2;
			remoteGlobalIDString = D2AAC07E0554694100DB518D;
			remoteInfo = CordovaLib;
		};
		301BF550109A68C00062928A /* PBXContainerItemProxy */ = {
			isa = PBXContainerItemProxy;
			containerPortal = 301BF52D109A57CC0062928A /* CordovaLib.xcodeproj */;
			proxyType = 1;
			remoteGlobalIDString = D2AAC07D0554694100DB518D;
			remoteInfo = CordovaLib;
		};
/* End PBXContainerItemProxy section */

/* Begin PBXFileReference section */
		0207DA571B56EA530066E2B4 /* Images.xcassets */ = {isa = PBXFileReference; lastKnownFileType = folder.assetcatalog; name = Images.xcassets; path = "SOSe-Tcc/Images.xcassets"; sourceTree = SOURCE_ROOT; };
		1D3623240D0F684500981E51 /* AppDelegate.h */ = {isa = PBXFileReference; fileEncoding = 4; lastKnownFileType = sourcecode.c.h; path = AppDelegate.h; sourceTree = "<group>"; };
		1D3623250D0F684500981E51 /* AppDelegate.m */ = {isa = PBXFileReference; fileEncoding = 4; lastKnownFileType = sourcecode.c.objc; path = AppDelegate.m; sourceTree = "<group>"; };
		1D6058910D05DD3D006BFB54 /* SOSe-Tcc.app */ = {isa = PBXFileReference; explicitFileType = wrapper.application; includeInIndex = 0; path = "SOSe-Tcc.app"; sourceTree = BUILT_PRODUCTS_DIR; };
		29B97316FDCFA39411CA2CEA /* main.m */ = {isa = PBXFileReference; fileEncoding = 4; lastKnownFileType = sourcecode.c.objc; path = main.m; sourceTree = "<group>"; };
		301BF52D109A57CC0062928A /* CordovaLib.xcodeproj */ = {isa = PBXFileReference; lastKnownFileType = "wrapper.pb-project"; path = CordovaLib/CordovaLib.xcodeproj; sourceTree = "<group>"; };
		301BF56E109A69640062928A /* www */ = {isa = PBXFileReference; lastKnownFileType = folder; path = www; sourceTree = SOURCE_ROOT; };
		302D95EE14D2391D003F00A1 /* MainViewController.h */ = {isa = PBXFileReference; fileEncoding = 4; lastKnownFileType = sourcecode.c.h; path = MainViewController.h; sourceTree = "<group>"; };
		302D95EF14D2391D003F00A1 /* MainViewController.m */ = {isa = PBXFileReference; fileEncoding = 4; lastKnownFileType = sourcecode.c.objc; path = MainViewController.m; sourceTree = "<group>"; };
		302D95F014D2391D003F00A1 /* MainViewController.xib */ = {isa = PBXFileReference; fileEncoding = 4; lastKnownFileType = file.xib; path = MainViewController.xib; sourceTree = "<group>"; };
		3047A50F1AB8059700498E2A /* build-debug.xcconfig */ = {isa = PBXFileReference; fileEncoding = 4; lastKnownFileType = text.xcconfig; name = "build-debug.xcconfig"; path = cordova/build-debug.xcconfig; sourceTree = SOURCE_ROOT; };
		3047A5101AB8059700498E2A /* build-release.xcconfig */ = {isa = PBXFileReference; fileEncoding = 4; lastKnownFileType = text.xcconfig; name = "build-release.xcconfig"; path = cordova/build-release.xcconfig; sourceTree = SOURCE_ROOT; };
		3047A5111AB8059700498E2A /* build.xcconfig */ = {isa = PBXFileReference; fileEncoding = 4; lastKnownFileType = text.xcconfig; name = build.xcconfig; path = cordova/build.xcconfig; sourceTree = SOURCE_ROOT; };
		32CA4F630368D1EE00C91783 /* SOSe-Tcc-Prefix.pch */ = {isa = PBXFileReference; fileEncoding = 4; lastKnownFileType = sourcecode.c.h; path = "SOSe-Tcc-Prefix.pch"; sourceTree = "<group>"; };
		6AFF5BF81D6E424B00AB3073 /* CDVLaunchScreen.storyboard */ = {isa = PBXFileReference; fileEncoding = 4; lastKnownFileType = file.storyboard; name = CDVLaunchScreen.storyboard; path = "SOSe-Tcc/CDVLaunchScreen.storyboard"; sourceTree = SOURCE_ROOT; };
		8D1107310486CEB800E47090 /* SOSe-Tcc-Info.plist */ = {isa = PBXFileReference; fileEncoding = 4; lastKnownFileType = text.plist.xml; name = "SOSe-Tcc-Info.plist"; path = "SOSe-Tcc/SOSe-Tcc-Info.plist"; plistStructureDefinitionIdentifier = "com.apple.xcode.plist.structure-definition.iphone.info-plist"; sourceTree = SOURCE_ROOT; };
		EB87FDF31871DA8E0020F90C /* www */ = {isa = PBXFileReference; lastKnownFileType = folder; name = www; path = ../../www; sourceTree = "<group>"; };
		EB87FDF41871DAF40020F90C /* config.xml */ = {isa = PBXFileReference; lastKnownFileType = text.xml; name = config.xml; path = ../../config.xml; sourceTree = "<group>"; };
		F840E1F0165FE0F500CFE078 /* config.xml */ = {isa = PBXFileReference; lastKnownFileType = text.xml; name = config.xml; path = "SOSe-Tcc/config.xml"; sourceTree = "<group>"; };
		ED33DF2A687741AEAF9F8254 /* Bridging-Header.h */ = {isa = PBXFileReference; fileEncoding = 4; lastKnownFileType = sourcecode.c.h; name = "Bridging-Header.h"; path = "Bridging-Header.h"; sourceTree = "<group>"; };
		BA7BC335613B4575BB105073 /* BluetoothDongle.m */ = {isa = PBXFileReference; name = "BluetoothDongle.m"; path = "com.strykeout.bluetoothClassic/BluetoothDongle.m"; sourceTree = "<group>"; fileEncoding = 4; lastKnownFileType = sourcecode.c.objc; explicitFileType = undefined; includeInIndex = 0; };
		779D23DD40AA4022AF9BB189 /* BluetoothDongle.h */ = {isa = PBXFileReference; name = "BluetoothDongle.h"; path = "com.strykeout.bluetoothClassic/BluetoothDongle.h"; sourceTree = "<group>"; fileEncoding = 4; lastKnownFileType = sourcecode.c.h; explicitFileType = undefined; includeInIndex = 0; };
		ED1AD4B4685945A286740080 /* ExternalAccessory.framework */ = {isa = PBXFileReference; name = "ExternalAccessory.framework"; path = "System/Library/Frameworks/ExternalAccessory.framework"; sourceTree = SDKROOT; fileEncoding = undefined; lastKnownFileType = wrapper.framework; explicitFileType = undefined; includeInIndex = 0; };
		363F5906B7444FF885BAD2B1 /* CFCallNumber.m */ = {isa = PBXFileReference; name = "CFCallNumber.m"; path = "call-number/CFCallNumber.m"; sourceTree = "<group>"; fileEncoding = 4; lastKnownFileType = sourcecode.c.objc; explicitFileType = undefined; includeInIndex = 0; };
		4A06F39D9ADB44BD9C000754 /* CFCallNumber.h */ = {isa = PBXFileReference; name = "CFCallNumber.h"; path = "call-number/CFCallNumber.h"; sourceTree = "<group>"; fileEncoding = 4; lastKnownFileType = sourcecode.c.h; explicitFileType = undefined; includeInIndex = 0; };
		2BAD76D7A68B40F6AB8856FE /* CDVBattery.m */ = {isa = PBXFileReference; name = "CDVBattery.m"; path = "cordova-plugin-battery-status/CDVBattery.m"; sourceTree = "<group>"; fileEncoding = 4; lastKnownFileType = sourcecode.c.objc; explicitFileType = undefined; includeInIndex = 0; };
		3D3BD5AEE98442F786088AB9 /* CDVBattery.h */ = {isa = PBXFileReference; name = "CDVBattery.h"; path = "cordova-plugin-battery-status/CDVBattery.h"; sourceTree = "<group>"; fileEncoding = 4; lastKnownFileType = sourcecode.c.h; explicitFileType = undefined; includeInIndex = 0; };
		2E89C6ABE8E443C7BD884A25 /* UIImage+CropScaleOrientation.m */ = {isa = PBXFileReference; name = "UIImage+CropScaleOrientation.m"; path = "cordova-plugin-camera/UIImage+CropScaleOrientation.m"; sourceTree = "<group>"; fileEncoding = 4; lastKnownFileType = sourcecode.c.objc; explicitFileType = undefined; includeInIndex = 0; };
		06769B9988E7407E9270A458 /* CDVCamera.m */ = {isa = PBXFileReference; name = "CDVCamera.m"; path = "cordova-plugin-camera/CDVCamera.m"; sourceTree = "<group>"; fileEncoding = 4; lastKnownFileType = sourcecode.c.objc; explicitFileType = undefined; includeInIndex = 0; };
		8BAC405371D14A78AD003F73 /* CDVJpegHeaderWriter.m */ = {isa = PBXFileReference; name = "CDVJpegHeaderWriter.m"; path = "cordova-plugin-camera/CDVJpegHeaderWriter.m"; sourceTree = "<group>"; fileEncoding = 4; lastKnownFileType = sourcecode.c.objc; explicitFileType = undefined; includeInIndex = 0; };
		EE0E43A0CF404D118CA10E6B /* UIImage+CropScaleOrientation.h */ = {isa = PBXFileReference; name = "UIImage+CropScaleOrientation.h"; path = "cordova-plugin-camera/UIImage+CropScaleOrientation.h"; sourceTree = "<group>"; fileEncoding = 4; lastKnownFileType = sourcecode.c.h; explicitFileType = undefined; includeInIndex = 0; };
		967C21BE4BE349F98C64A3E7 /* CDVCamera.h */ = {isa = PBXFileReference; name = "CDVCamera.h"; path = "cordova-plugin-camera/CDVCamera.h"; sourceTree = "<group>"; fileEncoding = 4; lastKnownFileType = sourcecode.c.h; explicitFileType = undefined; includeInIndex = 0; };
		E774F7AEF4CE4C78B510504B /* CDVJpegHeaderWriter.h */ = {isa = PBXFileReference; name = "CDVJpegHeaderWriter.h"; path = "cordova-plugin-camera/CDVJpegHeaderWriter.h"; sourceTree = "<group>"; fileEncoding = 4; lastKnownFileType = sourcecode.c.h; explicitFileType = undefined; includeInIndex = 0; };
		C56E75915ACD4D49A6C883A7 /* CDVExif.h */ = {isa = PBXFileReference; name = "CDVExif.h"; path = "cordova-plugin-camera/CDVExif.h"; sourceTree = "<group>"; fileEncoding = 4; lastKnownFileType = sourcecode.c.h; explicitFileType = undefined; includeInIndex = 0; };
		9F6C64536D6A4FA490579A5B /* ImageIO.framework */ = {isa = PBXFileReference; name = "ImageIO.framework"; path = "System/Library/Frameworks/ImageIO.framework"; sourceTree = SDKROOT; fileEncoding = undefined; lastKnownFileType = wrapper.framework; explicitFileType = undefined; includeInIndex = 0; };
		4CA9E16ED6EF4A488F445150 /* CoreLocation.framework */ = {isa = PBXFileReference; name = "CoreLocation.framework"; path = "System/Library/Frameworks/CoreLocation.framework"; sourceTree = SDKROOT; fileEncoding = undefined; lastKnownFileType = wrapper.framework; explicitFileType = undefined; includeInIndex = 0; };
		7F73789C6F3443B8B8DA7B4E /* AVFoundation.framework */ = {isa = PBXFileReference; name = "AVFoundation.framework"; path = "System/Library/Frameworks/AVFoundation.framework"; sourceTree = SDKROOT; fileEncoding = undefined; lastKnownFileType = wrapper.framework; explicitFileType = undefined; includeInIndex = 0; };
		FC9B3FB0EFFE4324A12973C1 /* CDVLogger.m */ = {isa = PBXFileReference; name = "CDVLogger.m"; path = "cordova-plugin-console/CDVLogger.m"; sourceTree = "<group>"; fileEncoding = 4; lastKnownFileType = sourcecode.c.objc; explicitFileType = undefined; includeInIndex = 0; };
		06F2312166C142D28457CA1A /* CDVLogger.h */ = {isa = PBXFileReference; name = "CDVLogger.h"; path = "cordova-plugin-console/CDVLogger.h"; sourceTree = "<group>"; fileEncoding = 4; lastKnownFileType = sourcecode.c.h; explicitFileType = undefined; includeInIndex = 0; };
		912217BD1B3F46219C271BB4 /* CDVContacts.m */ = {isa = PBXFileReference; name = "CDVContacts.m"; path = "cordova-plugin-contacts/CDVContacts.m"; sourceTree = "<group>"; fileEncoding = 4; lastKnownFileType = sourcecode.c.objc; explicitFileType = undefined; includeInIndex = 0; };
		FDFA12112D2748728DC28FD0 /* CDVContact.m */ = {isa = PBXFileReference; name = "CDVContact.m"; path = "cordova-plugin-contacts/CDVContact.m"; sourceTree = "<group>"; fileEncoding = 4; lastKnownFileType = sourcecode.c.objc; explicitFileType = undefined; includeInIndex = 0; };
		9CB85CE8B9444286934CECE4 /* CDVContacts.h */ = {isa = PBXFileReference; name = "CDVContacts.h"; path = "cordova-plugin-contacts/CDVContacts.h"; sourceTree = "<group>"; fileEncoding = 4; lastKnownFileType = sourcecode.c.h; explicitFileType = undefined; includeInIndex = 0; };
		A21A63929A104BCD9D553CAE /* CDVContact.h */ = {isa = PBXFileReference; name = "CDVContact.h"; path = "cordova-plugin-contacts/CDVContact.h"; sourceTree = "<group>"; fileEncoding = 4; lastKnownFileType = sourcecode.c.h; explicitFileType = undefined; includeInIndex = 0; };
		36113D5D39724E0BABAA3C52 /* AddressBook.framework */ = {isa = PBXFileReference; name = "AddressBook.framework"; path = "System/Library/Frameworks/AddressBook.framework"; sourceTree = SDKROOT; fileEncoding = undefined; lastKnownFileType = wrapper.framework; explicitFileType = undefined; includeInIndex = 0; };
		22BF67C29D644FF6994FB5D9 /* AddressBookUI.framework */ = {isa = PBXFileReference; name = "AddressBookUI.framework"; path = "System/Library/Frameworks/AddressBookUI.framework"; sourceTree = SDKROOT; fileEncoding = undefined; lastKnownFileType = wrapper.framework; explicitFileType = undefined; includeInIndex = 0; };
		A0AC2179EAC64D0B8AACC4EF /* CDVCrypt.m */ = {isa = PBXFileReference; name = "CDVCrypt.m"; path = "cordova-plugin-crypt-file/CDVCrypt.m"; sourceTree = "<group>"; fileEncoding = 4; lastKnownFileType = sourcecode.c.objc; explicitFileType = undefined; includeInIndex = 0; };
		C86575243F264268B14B3301 /* CDVCryptURLProtocol.m */ = {isa = PBXFileReference; name = "CDVCryptURLProtocol.m"; path = "cordova-plugin-crypt-file/CDVCryptURLProtocol.m"; sourceTree = "<group>"; fileEncoding = 4; lastKnownFileType = sourcecode.c.objc; explicitFileType = undefined; includeInIndex = 0; };
		FE7F1D8BE11A419893D9E226 /* CDVCrypt.h */ = {isa = PBXFileReference; name = "CDVCrypt.h"; path = "cordova-plugin-crypt-file/CDVCrypt.h"; sourceTree = "<group>"; fileEncoding = 4; lastKnownFileType = sourcecode.c.h; explicitFileType = undefined; includeInIndex = 0; };
		8B0178F7AB0B4E1F8F682084 /* CDVCryptURLProtocol.h */ = {isa = PBXFileReference; name = "CDVCryptURLProtocol.h"; path = "cordova-plugin-crypt-file/CDVCryptURLProtocol.h"; sourceTree = "<group>"; fileEncoding = 4; lastKnownFileType = sourcecode.c.h; explicitFileType = undefined; includeInIndex = 0; };
		5FC3B9163C1D47B2A363E305 /* CDVDevice.m */ = {isa = PBXFileReference; name = "CDVDevice.m"; path = "cordova-plugin-device/CDVDevice.m"; sourceTree = "<group>"; fileEncoding = 4; lastKnownFileType = sourcecode.c.objc; explicitFileType = undefined; includeInIndex = 0; };
		F8F7A13DA59642F78C443655 /* CDVDevice.h */ = {isa = PBXFileReference; name = "CDVDevice.h"; path = "cordova-plugin-device/CDVDevice.h"; sourceTree = "<group>"; fileEncoding = 4; lastKnownFileType = sourcecode.c.h; explicitFileType = undefined; includeInIndex = 0; };
		C4B0A1C82BB54BF981B16973 /* libz.tbd */ = {isa = PBXFileReference; name = "libz.tbd"; path = "usr/lib/libz.tbd"; sourceTree = SDKROOT; fileEncoding = undefined; lastKnownFileType = sourcecode.text-based-dylib-definition; explicitFileType = undefined; includeInIndex = 0; };
		1127D3404D4646F1B5E176A3 /* CDVAccelerometer.m */ = {isa = PBXFileReference; name = "CDVAccelerometer.m"; path = "cordova-plugin-device-motion/CDVAccelerometer.m"; sourceTree = "<group>"; fileEncoding = 4; lastKnownFileType = sourcecode.c.objc; explicitFileType = undefined; includeInIndex = 0; };
		769500EA16F24B3BAB2AAD97 /* CDVAccelerometer.h */ = {isa = PBXFileReference; name = "CDVAccelerometer.h"; path = "cordova-plugin-device-motion/CDVAccelerometer.h"; sourceTree = "<group>"; fileEncoding = 4; lastKnownFileType = sourcecode.c.h; explicitFileType = undefined; includeInIndex = 0; };
		29AF2D50F8AC4270A3916A9A /* CoreMotion.framework */ = {isa = PBXFileReference; name = "CoreMotion.framework"; path = "System/Library/Frameworks/CoreMotion.framework"; sourceTree = SDKROOT; fileEncoding = undefined; lastKnownFileType = wrapper.framework; explicitFileType = undefined; includeInIndex = 0; };
		D9D5AA9837FF43B8918940F6 /* CDVCompass.m */ = {isa = PBXFileReference; name = "CDVCompass.m"; path = "cordova-plugin-device-orientation/CDVCompass.m"; sourceTree = "<group>"; fileEncoding = 4; lastKnownFileType = sourcecode.c.objc; explicitFileType = undefined; includeInIndex = 0; };
		1D4CBBA6BD8C47518B834BF5 /* CDVCompass.h */ = {isa = PBXFileReference; name = "CDVCompass.h"; path = "cordova-plugin-device-orientation/CDVCompass.h"; sourceTree = "<group>"; fileEncoding = 4; lastKnownFileType = sourcecode.c.h; explicitFileType = undefined; includeInIndex = 0; };
		39CB1ED6FDEE4D7EAF8CEBD4 /* CDVNotification.m */ = {isa = PBXFileReference; name = "CDVNotification.m"; path = "cordova-plugin-dialogs/CDVNotification.m"; sourceTree = "<group>"; fileEncoding = 4; lastKnownFileType = sourcecode.c.objc; explicitFileType = undefined; includeInIndex = 0; };
		78B08A08FB2241ABA99CF25B /* CDVNotification.h */ = {isa = PBXFileReference; name = "CDVNotification.h"; path = "cordova-plugin-dialogs/CDVNotification.h"; sourceTree = "<group>"; fileEncoding = 4; lastKnownFileType = sourcecode.c.h; explicitFileType = undefined; includeInIndex = 0; };
		B6A73F9984544EC7A248F459 /* CDVNotification.bundle */ = {isa = PBXFileReference; name = "CDVNotification.bundle"; path = "CDVNotification.bundle"; sourceTree = "<group>"; fileEncoding = undefined; lastKnownFileType = wrapper.plug-in; explicitFileType = undefined; includeInIndex = 0; };
		481FC105E5C14C6589C7222F /* AudioToolbox.framework */ = {isa = PBXFileReference; name = "AudioToolbox.framework"; path = "System/Library/Frameworks/AudioToolbox.framework"; sourceTree = SDKROOT; fileEncoding = undefined; lastKnownFileType = wrapper.framework; explicitFileType = undefined; includeInIndex = 0; };
		D627FC51E5114824A0C0F0C5 /* CDVFile.m */ = {isa = PBXFileReference; name = "CDVFile.m"; path = "cordova-plugin-file/CDVFile.m"; sourceTree = "<group>"; fileEncoding = 4; lastKnownFileType = sourcecode.c.objc; explicitFileType = undefined; includeInIndex = 0; };
		AA262A9D10914A188046A69F /* CDVLocalFilesystem.m */ = {isa = PBXFileReference; name = "CDVLocalFilesystem.m"; path = "cordova-plugin-file/CDVLocalFilesystem.m"; sourceTree = "<group>"; fileEncoding = 4; lastKnownFileType = sourcecode.c.objc; explicitFileType = undefined; includeInIndex = 0; };
		AD8DCB73C87A41DA8161E171 /* CDVAssetLibraryFilesystem.m */ = {isa = PBXFileReference; name = "CDVAssetLibraryFilesystem.m"; path = "cordova-plugin-file/CDVAssetLibraryFilesystem.m"; sourceTree = "<group>"; fileEncoding = 4; lastKnownFileType = sourcecode.c.objc; explicitFileType = undefined; includeInIndex = 0; };
		82C21097956548C4B8B0CC84 /* CDVFile.h */ = {isa = PBXFileReference; name = "CDVFile.h"; path = "cordova-plugin-file/CDVFile.h"; sourceTree = "<group>"; fileEncoding = 4; lastKnownFileType = sourcecode.c.h; explicitFileType = undefined; includeInIndex = 0; };
		99225B0547FD4ED9A80E7355 /* CDVLocalFilesystem.h */ = {isa = PBXFileReference; name = "CDVLocalFilesystem.h"; path = "cordova-plugin-file/CDVLocalFilesystem.h"; sourceTree = "<group>"; fileEncoding = 4; lastKnownFileType = sourcecode.c.h; explicitFileType = undefined; includeInIndex = 0; };
		50E6E961E5284E44B53FEEC6 /* CDVAssetLibraryFilesystem.h */ = {isa = PBXFileReference; name = "CDVAssetLibraryFilesystem.h"; path = "cordova-plugin-file/CDVAssetLibraryFilesystem.h"; sourceTree = "<group>"; fileEncoding = 4; lastKnownFileType = sourcecode.c.h; explicitFileType = undefined; includeInIndex = 0; };
		CCDFF079A8544A09A1CD56D8 /* CDVLocation.m */ = {isa = PBXFileReference; name = "CDVLocation.m"; path = "cordova-plugin-geolocation/CDVLocation.m"; sourceTree = "<group>"; fileEncoding = 4; lastKnownFileType = sourcecode.c.objc; explicitFileType = undefined; includeInIndex = 0; };
		723B72D0ED404BF6A9C1FF51 /* CDVLocation.h */ = {isa = PBXFileReference; name = "CDVLocation.h"; path = "cordova-plugin-geolocation/CDVLocation.h"; sourceTree = "<group>"; fileEncoding = 4; lastKnownFileType = sourcecode.c.h; explicitFileType = undefined; includeInIndex = 0; };
		BC02C6195FC74FB592938C15 /* CDVGlobalization.m */ = {isa = PBXFileReference; name = "CDVGlobalization.m"; path = "cordova-plugin-globalization/CDVGlobalization.m"; sourceTree = "<group>"; fileEncoding = 4; lastKnownFileType = sourcecode.c.objc; explicitFileType = undefined; includeInIndex = 0; };
		19E19A39D6CD4CC2BC61C042 /* CDVGlobalization.h */ = {isa = PBXFileReference; name = "CDVGlobalization.h"; path = "cordova-plugin-globalization/CDVGlobalization.h"; sourceTree = "<group>"; fileEncoding = 4; lastKnownFileType = sourcecode.c.h; explicitFileType = undefined; includeInIndex = 0; };
		0E8B271B15BC4FF5B38C5F44 /* CDVInAppBrowser.m */ = {isa = PBXFileReference; name = "CDVInAppBrowser.m"; path = "cordova-plugin-inappbrowser/CDVInAppBrowser.m"; sourceTree = "<group>"; fileEncoding = 4; lastKnownFileType = sourcecode.c.objc; explicitFileType = undefined; includeInIndex = 0; };
		ACDEC4B2D3FC4C36B3638EBA /* CDVInAppBrowser.h */ = {isa = PBXFileReference; name = "CDVInAppBrowser.h"; path = "cordova-plugin-inappbrowser/CDVInAppBrowser.h"; sourceTree = "<group>"; fileEncoding = 4; lastKnownFileType = sourcecode.c.h; explicitFileType = undefined; includeInIndex = 0; };
/* End PBXFileReference section */

/* Begin PBXFrameworksBuildPhase section */
		1D60588F0D05DD3D006BFB54 /* Frameworks */ = {
			isa = PBXFrameworksBuildPhase;
			buildActionMask = 2147483647;
			files = (
				301BF552109A68D80062928A /* libCordova.a in Frameworks */,
				CBB7F4EE6840451F8A55418E /* ExternalAccessory.framework in Frameworks */,
				E16D82D4B3A6455C82F58FBF /* ImageIO.framework in Frameworks */,
				7952F9C0ADF84676BF2B8DD4 /* CoreLocation.framework in Frameworks */,
				55E9CEEAEC8D491082B0CAAC /* AVFoundation.framework in Frameworks */,
				FA97A2F493784D158A516565 /* AddressBook.framework in Frameworks */,
				DC8E5F1BAF4948F9BACE3C97 /* AddressBookUI.framework in Frameworks */,
				321284144BEF42C283C3B068 /* libz.tbd in Frameworks */,
				D07AE092C0F0495382B91B5E /* CoreMotion.framework in Frameworks */,
				18FD4CF219FE457C97E541C9 /* AudioToolbox.framework in Frameworks */,
			);
			runOnlyForDeploymentPostprocessing = 0;
		};
/* End PBXFrameworksBuildPhase section */

/* Begin PBXGroup section */
		080E96DDFE201D6D7F000001 /* Classes */ = {
			isa = PBXGroup;
			children = (
				302D95EE14D2391D003F00A1 /* MainViewController.h */,
				302D95EF14D2391D003F00A1 /* MainViewController.m */,
				302D95F014D2391D003F00A1 /* MainViewController.xib */,
				1D3623240D0F684500981E51 /* AppDelegate.h */,
				1D3623250D0F684500981E51 /* AppDelegate.m */,
			);
			name = Classes;
			path = "SOSe-Tcc/Classes";
			sourceTree = SOURCE_ROOT;
		};
		19C28FACFE9D520D11CA2CBB /* Products */ = {
			isa = PBXGroup;
			children = (
				1D6058910D05DD3D006BFB54 /* SOSe-Tcc.app */,
			);
			name = Products;
			sourceTree = "<group>";
		};
		29B97314FDCFA39411CA2CEA /* CustomTemplate */ = {
			isa = PBXGroup;
			children = (
				EB87FDF41871DAF40020F90C /* config.xml */,
				EB87FDF31871DA8E0020F90C /* www */,
				EB87FDF11871DA420020F90C /* Staging */,
				301BF52D109A57CC0062928A /* CordovaLib.xcodeproj */,
				080E96DDFE201D6D7F000001 /* Classes */,
				307C750510C5A3420062BCA9 /* Plugins */,
				29B97315FDCFA39411CA2CEA /* Other Sources */,
				29B97317FDCFA39411CA2CEA /* Resources */,
				29B97323FDCFA39411CA2CEA /* Frameworks */,
				19C28FACFE9D520D11CA2CBB /* Products */,
			);
			name = CustomTemplate;
			sourceTree = "<group>";
		};
		29B97315FDCFA39411CA2CEA /* Other Sources */ = {
			isa = PBXGroup;
			children = (
				32CA4F630368D1EE00C91783 /* SOSe-Tcc-Prefix.pch */,
				29B97316FDCFA39411CA2CEA /* main.m */,
				ED33DF2A687741AEAF9F8254 /* Bridging-Header.h */,
			);
			name = "Other Sources";
			path = "SOSe-Tcc";
			sourceTree = "<group>";
		};
		29B97317FDCFA39411CA2CEA /* Resources */ = {
			isa = PBXGroup;
			children = (
				0207DA571B56EA530066E2B4 /* Images.xcassets */,
				3047A50E1AB8057F00498E2A /* config */,
				8D1107310486CEB800E47090 /* SOSe-Tcc-Info.plist */,
				6AFF5BF81D6E424B00AB3073 /* CDVLaunchScreen.storyboard */,
				B6A73F9984544EC7A248F459 /* CDVNotification.bundle */,
			);
			name = Resources;
			path = "SOSe-Tcc/Resources";
			sourceTree = "<group>";
		};
		29B97323FDCFA39411CA2CEA /* Frameworks */ = {
			isa = PBXGroup;
			children = (
				ED1AD4B4685945A286740080 /* ExternalAccessory.framework */,
				9F6C64536D6A4FA490579A5B /* ImageIO.framework */,
				4CA9E16ED6EF4A488F445150 /* CoreLocation.framework */,
				7F73789C6F3443B8B8DA7B4E /* AVFoundation.framework */,
				36113D5D39724E0BABAA3C52 /* AddressBook.framework */,
				22BF67C29D644FF6994FB5D9 /* AddressBookUI.framework */,
				C4B0A1C82BB54BF981B16973 /* libz.tbd */,
				29AF2D50F8AC4270A3916A9A /* CoreMotion.framework */,
				481FC105E5C14C6589C7222F /* AudioToolbox.framework */,
			);
			name = Frameworks;
			sourceTree = "<group>";
		};
		301BF52E109A57CC0062928A /* Products */ = {
			isa = PBXGroup;
			children = (
				301BF535109A57CC0062928A /* libCordova.a */,
			);
			name = Products;
			sourceTree = "<group>";
		};
		3047A50E1AB8057F00498E2A /* config */ = {
			isa = PBXGroup;
			children = (
				3047A50F1AB8059700498E2A /* build-debug.xcconfig */,
				3047A5101AB8059700498E2A /* build-release.xcconfig */,
				3047A5111AB8059700498E2A /* build.xcconfig */,
			);
			name = config;
			sourceTree = "<group>";
		};
		307C750510C5A3420062BCA9 /* Plugins */ = {
			isa = PBXGroup;
			children = (
				BA7BC335613B4575BB105073 /* BluetoothDongle.m */,
				779D23DD40AA4022AF9BB189 /* BluetoothDongle.h */,
				363F5906B7444FF885BAD2B1 /* CFCallNumber.m */,
				4A06F39D9ADB44BD9C000754 /* CFCallNumber.h */,
				2BAD76D7A68B40F6AB8856FE /* CDVBattery.m */,
				3D3BD5AEE98442F786088AB9 /* CDVBattery.h */,
				2E89C6ABE8E443C7BD884A25 /* UIImage+CropScaleOrientation.m */,
				06769B9988E7407E9270A458 /* CDVCamera.m */,
				8BAC405371D14A78AD003F73 /* CDVJpegHeaderWriter.m */,
				EE0E43A0CF404D118CA10E6B /* UIImage+CropScaleOrientation.h */,
				967C21BE4BE349F98C64A3E7 /* CDVCamera.h */,
				E774F7AEF4CE4C78B510504B /* CDVJpegHeaderWriter.h */,
				C56E75915ACD4D49A6C883A7 /* CDVExif.h */,
				FC9B3FB0EFFE4324A12973C1 /* CDVLogger.m */,
				06F2312166C142D28457CA1A /* CDVLogger.h */,
				912217BD1B3F46219C271BB4 /* CDVContacts.m */,
				FDFA12112D2748728DC28FD0 /* CDVContact.m */,
				9CB85CE8B9444286934CECE4 /* CDVContacts.h */,
				A21A63929A104BCD9D553CAE /* CDVContact.h */,
				A0AC2179EAC64D0B8AACC4EF /* CDVCrypt.m */,
				C86575243F264268B14B3301 /* CDVCryptURLProtocol.m */,
				FE7F1D8BE11A419893D9E226 /* CDVCrypt.h */,
				8B0178F7AB0B4E1F8F682084 /* CDVCryptURLProtocol.h */,
				5FC3B9163C1D47B2A363E305 /* CDVDevice.m */,
				F8F7A13DA59642F78C443655 /* CDVDevice.h */,
				1127D3404D4646F1B5E176A3 /* CDVAccelerometer.m */,
				769500EA16F24B3BAB2AAD97 /* CDVAccelerometer.h */,
				D9D5AA9837FF43B8918940F6 /* CDVCompass.m */,
				1D4CBBA6BD8C47518B834BF5 /* CDVCompass.h */,
				39CB1ED6FDEE4D7EAF8CEBD4 /* CDVNotification.m */,
				78B08A08FB2241ABA99CF25B /* CDVNotification.h */,
				D627FC51E5114824A0C0F0C5 /* CDVFile.m */,
				AA262A9D10914A188046A69F /* CDVLocalFilesystem.m */,
				AD8DCB73C87A41DA8161E171 /* CDVAssetLibraryFilesystem.m */,
				82C21097956548C4B8B0CC84 /* CDVFile.h */,
				99225B0547FD4ED9A80E7355 /* CDVLocalFilesystem.h */,
				50E6E961E5284E44B53FEEC6 /* CDVAssetLibraryFilesystem.h */,
				CCDFF079A8544A09A1CD56D8 /* CDVLocation.m */,
				723B72D0ED404BF6A9C1FF51 /* CDVLocation.h */,
				BC02C6195FC74FB592938C15 /* CDVGlobalization.m */,
				19E19A39D6CD4CC2BC61C042 /* CDVGlobalization.h */,
				0E8B271B15BC4FF5B38C5F44 /* CDVInAppBrowser.m */,
				ACDEC4B2D3FC4C36B3638EBA /* CDVInAppBrowser.h */,
			);
			name = Plugins;
			path = "SOSe-Tcc/Plugins";
			sourceTree = SOURCE_ROOT;
		};
		EB87FDF11871DA420020F90C /* Staging */ = {
			isa = PBXGroup;
			children = (
				F840E1F0165FE0F500CFE078 /* config.xml */,
				301BF56E109A69640062928A /* www */,
			);
			name = Staging;
			sourceTree = "<group>";
		};
/* End PBXGroup section */

/* Begin PBXNativeTarget section */
		1D6058900D05DD3D006BFB54 /* SOSe-Tcc */ = {
			isa = PBXNativeTarget;
			buildConfigurationList = 1D6058960D05DD3E006BFB54 /* Build configuration list for PBXNativeTarget "SOSe-Tcc" */;
			buildPhases = (
				304B58A110DAC018002A0835 /* Copy www directory */,
				1D60588D0D05DD3D006BFB54 /* Resources */,
				1D60588E0D05DD3D006BFB54 /* Sources */,
				1D60588F0D05DD3D006BFB54 /* Frameworks */,
			);
			buildRules = (
			);
			dependencies = (
				301BF551109A68C00062928A /* PBXTargetDependency */,
			);
			name = "SOSe-Tcc";
			productName = "SOSe-Tcc";
			productReference = 1D6058910D05DD3D006BFB54 /* SOSe-Tcc.app */;
			productType = "com.apple.product-type.application";
		};
/* End PBXNativeTarget section */

/* Begin PBXProject section */
		29B97313FDCFA39411CA2CEA /* Project object */ = {
			isa = PBXProject;
			attributes = {
				LastUpgradeCheck = 510;
			};
			buildConfigurationList = C01FCF4E08A954540054247B /* Build configuration list for PBXProject "__NON-CLI__" */;
			compatibilityVersion = "Xcode 3.2";
			developmentRegion = English;
			hasScannedForEncodings = 1;
			mainGroup = 29B97314FDCFA39411CA2CEA /* CustomTemplate */;
			projectDirPath = "";
			projectReferences = (
				{
					ProductGroup = 301BF52E109A57CC0062928A /* Products */;
					ProjectRef = 301BF52D109A57CC0062928A /* CordovaLib.xcodeproj */;
				},
			);
			projectRoot = "";
			targets = (
				1D6058900D05DD3D006BFB54 /* SOSe-Tcc */,
			);
		};
/* End PBXProject section */

/* Begin PBXReferenceProxy section */
		301BF535109A57CC0062928A /* libCordova.a */ = {
			isa = PBXReferenceProxy;
			fileType = archive.ar;
			path = libCordova.a;
			remoteRef = 301BF534109A57CC0062928A /* PBXContainerItemProxy */;
			sourceTree = BUILT_PRODUCTS_DIR;
		};
/* End PBXReferenceProxy section */

/* Begin PBXResourcesBuildPhase section */
		1D60588D0D05DD3D006BFB54 /* Resources */ = {
			isa = PBXResourcesBuildPhase;
			buildActionMask = 2147483647;
			files = (
				302D95F214D2391D003F00A1 /* MainViewController.xib in Resources */,
				0207DA581B56EA530066E2B4 /* Images.xcassets in Resources */,
				6AFF5BF91D6E424B00AB3073 /* CDVLaunchScreen.storyboard in Resources */,
				53FA7D4ED7A64614996C2EB8 /* CDVNotification.bundle in Resources */,
			);
			runOnlyForDeploymentPostprocessing = 0;
		};
/* End PBXResourcesBuildPhase section */

/* Begin PBXShellScriptBuildPhase section */
		304B58A110DAC018002A0835 /* Copy www directory */ = {
			isa = PBXShellScriptBuildPhase;
			buildActionMask = 2147483647;
			files = (
			);
			inputPaths = (
			);
			name = "Copy www directory";
			outputPaths = (
			);
			runOnlyForDeploymentPostprocessing = 0;
			shellPath = /bin/sh;
			shellScript = "NODEJS_PATH=/usr/local/bin; NVM_NODE_PATH=~/.nvm/versions/node/`nvm version 2>/dev/null`/bin; N_NODE_PATH=`find /usr/local/n/versions/node/* -maxdepth 0 -type d 2>/dev/null | tail -1`/bin; XCODE_NODE_PATH=`xcode-select --print-path`/usr/share/xcs/Node/bin; PATH=$NODEJS_PATH:$NVM_NODE_PATH:$N_NODE_PATH:$XCODE_NODE_PATH:$PATH && node cordova/lib/copy-www-build-step.js";
			showEnvVarsInLog = 0;
		};
/* End PBXShellScriptBuildPhase section */

/* Begin PBXSourcesBuildPhase section */
		1D60588E0D05DD3D006BFB54 /* Sources */ = {
			isa = PBXSourcesBuildPhase;
			buildActionMask = 2147483647;
			files = (
				1D60589B0D05DD56006BFB54 /* main.m in Sources */,
				1D3623260D0F684500981E51 /* AppDelegate.m in Sources */,
				302D95F114D2391D003F00A1 /* MainViewController.m in Sources */,
				095647A7B8144A56A9C0E6BE /* BluetoothDongle.m in Sources */,
				F4D682F25D914860ACA7D2E6 /* CFCallNumber.m in Sources */,
				6A29E1C54592432DA85FFFE0 /* CDVBattery.m in Sources */,
				792FDE6DDC42415CB0E5BBB8 /* UIImage+CropScaleOrientation.m in Sources */,
				76F59EF16B8D47EF8C1978AC /* CDVCamera.m in Sources */,
				752708ADA02C4B9B9A48C6BF /* CDVJpegHeaderWriter.m in Sources */,
				17E24B6ECBD145C7B6EE7048 /* CDVLogger.m in Sources */,
				F7AA7BD674CD4BFF81D5DFB6 /* CDVContacts.m in Sources */,
				870BCA428E644EFA9581B55A /* CDVContact.m in Sources */,
				338D22D3536D4153910C9861 /* CDVCrypt.m in Sources */,
				D6BE984A7DCD485EB14D5FCD /* CDVCryptURLProtocol.m in Sources */,
				F3D9AED365AB4390B4BBE0AA /* CDVDevice.m in Sources */,
				C063288D71D048D99BCE2CAA /* CDVAccelerometer.m in Sources */,
				5C1270271BF54130849E90DA /* CDVCompass.m in Sources */,
				EBC9A925FBA3444686C9DBAF /* CDVNotification.m in Sources */,
				91D3D7CD3AA340BE9BD70CA8 /* CDVFile.m in Sources */,
				11EC369B4A7D40F684940B45 /* CDVLocalFilesystem.m in Sources */,
				E94731E62C8D44ABB8A15843 /* CDVAssetLibraryFilesystem.m in Sources */,
				F430EB3716614B8E8B960163 /* CDVLocation.m in Sources */,
				2F0DA99FACAA4C84BFC60208 /* CDVGlobalization.m in Sources */,
				FF920BE873E24265ACF0DF72 /* CDVInAppBrowser.m in Sources */,
			);
			runOnlyForDeploymentPostprocessing = 0;
		};
/* End PBXSourcesBuildPhase section */

/* Begin PBXTargetDependency section */
		301BF551109A68C00062928A /* PBXTargetDependency */ = {
			isa = PBXTargetDependency;
			name = CordovaLib;
			targetProxy = 301BF550109A68C00062928A /* PBXContainerItemProxy */;
		};
/* End PBXTargetDependency section */

/* Begin XCBuildConfiguration section */
		1D6058940D05DD3E006BFB54 /* Debug */ = {
			isa = XCBuildConfiguration;
			baseConfigurationReference = 3047A50F1AB8059700498E2A /* build-debug.xcconfig */;
			buildSettings = {
				ALWAYS_SEARCH_USER_PATHS = NO;
				ASSETCATALOG_COMPILER_APPICON_NAME = AppIcon;
				ASSETCATALOG_COMPILER_LAUNCHIMAGE_NAME = LaunchImage;
				CLANG_ENABLE_MODULES = YES;
				CLANG_ENABLE_OBJC_ARC = YES;
				COPY_PHASE_STRIP = NO;
				GCC_DYNAMIC_NO_PIC = NO;
				GCC_OPTIMIZATION_LEVEL = 0;
				GCC_PRECOMPILE_PREFIX_HEADER = YES;
				GCC_PREFIX_HEADER = "SOSe-Tcc/SOSe-Tcc-Prefix.pch";
				GCC_THUMB_SUPPORT = NO;
				GCC_VERSION = "";
				INFOPLIST_FILE = "SOSe-Tcc/SOSe-Tcc-Info.plist";
				IPHONEOS_DEPLOYMENT_TARGET = 9.0;
				LD_RUNPATH_SEARCH_PATHS = "@executable_path/Frameworks";
				TARGETED_DEVICE_FAMILY = "1,2";
				PRODUCT_NAME = "SOSe-Tcc";
			};
			name = Debug;
		};
		1D6058950D05DD3E006BFB54 /* Release */ = {
			isa = XCBuildConfiguration;
			baseConfigurationReference = 3047A5101AB8059700498E2A /* build-release.xcconfig */;
			buildSettings = {
				ALWAYS_SEARCH_USER_PATHS = NO;
				ASSETCATALOG_COMPILER_APPICON_NAME = AppIcon;
				ASSETCATALOG_COMPILER_LAUNCHIMAGE_NAME = LaunchImage;
				CLANG_ENABLE_MODULES = YES;
				CLANG_ENABLE_OBJC_ARC = YES;
				COPY_PHASE_STRIP = YES;
				GCC_PRECOMPILE_PREFIX_HEADER = YES;
				GCC_PREFIX_HEADER = "SOSe-Tcc/SOSe-Tcc-Prefix.pch";
				GCC_THUMB_SUPPORT = NO;
				GCC_VERSION = "";
				INFOPLIST_FILE = "SOSe-Tcc/SOSe-Tcc-Info.plist";
				IPHONEOS_DEPLOYMENT_TARGET = 9.0;
				LD_RUNPATH_SEARCH_PATHS = "@executable_path/Frameworks";
				TARGETED_DEVICE_FAMILY = "1,2";
				PRODUCT_NAME = "SOSe-Tcc";
			};
			name = Release;
		};
		C01FCF4F08A954540054247B /* Debug */ = {
			isa = XCBuildConfiguration;
			baseConfigurationReference = 3047A5111AB8059700498E2A /* build.xcconfig */;
			buildSettings = {
				CLANG_ENABLE_MODULES = YES;
				CLANG_ENABLE_OBJC_ARC = YES;
				CLANG_WARN_BOOL_CONVERSION = YES;
				CLANG_WARN_CONSTANT_CONVERSION = YES;
				CLANG_WARN_EMPTY_BODY = YES;
				CLANG_WARN_ENUM_CONVERSION = YES;
				CLANG_WARN_INT_CONVERSION = YES;
				CLANG_WARN__DUPLICATE_METHOD_MATCH = YES;
				GCC_C_LANGUAGE_STANDARD = c99;
				GCC_THUMB_SUPPORT = NO;
				GCC_VERSION = "";
				GCC_WARN_ABOUT_RETURN_TYPE = YES;
				GCC_WARN_UNDECLARED_SELECTOR = YES;
				GCC_WARN_UNINITIALIZED_AUTOS = YES;
				GCC_WARN_UNUSED_FUNCTION = YES;
				GCC_WARN_UNUSED_VARIABLE = YES;
				ONLY_ACTIVE_ARCH = YES;
				SDKROOT = iphoneos;
				SKIP_INSTALL = NO;
				ASSETCATALOG_COMPILER_LAUNCHIMAGE_NAME = LaunchImage;
			};
			name = Debug;
		};
		C01FCF5008A954540054247B /* Release */ = {
			isa = XCBuildConfiguration;
			baseConfigurationReference = 3047A5111AB8059700498E2A /* build.xcconfig */;
			buildSettings = {
				CLANG_ENABLE_MODULES = YES;
				CLANG_ENABLE_OBJC_ARC = YES;
				CLANG_WARN_BOOL_CONVERSION = YES;
				CLANG_WARN_CONSTANT_CONVERSION = YES;
				CLANG_WARN_EMPTY_BODY = YES;
				CLANG_WARN_ENUM_CONVERSION = YES;
				CLANG_WARN_INT_CONVERSION = YES;
				CLANG_WARN__DUPLICATE_METHOD_MATCH = YES;
				GCC_C_LANGUAGE_STANDARD = c99;
				GCC_THUMB_SUPPORT = NO;
				GCC_VERSION = "";
				GCC_WARN_ABOUT_RETURN_TYPE = YES;
				GCC_WARN_UNDECLARED_SELECTOR = YES;
				GCC_WARN_UNINITIALIZED_AUTOS = YES;
				GCC_WARN_UNUSED_FUNCTION = YES;
				GCC_WARN_UNUSED_VARIABLE = YES;
				SDKROOT = iphoneos;
				SKIP_INSTALL = NO;
				ASSETCATALOG_COMPILER_LAUNCHIMAGE_NAME = LaunchImage;
			};
			name = Release;
		};
/* End XCBuildConfiguration section */

/* Begin XCConfigurationList section */
		1D6058960D05DD3E006BFB54 /* Build configuration list for PBXNativeTarget "SOSe-Tcc" */ = {
			isa = XCConfigurationList;
			buildConfigurations = (
				1D6058940D05DD3E006BFB54 /* Debug */,
				1D6058950D05DD3E006BFB54 /* Release */,
			);
			defaultConfigurationIsVisible = 0;
			defaultConfigurationName = Release;
		};
		C01FCF4E08A954540054247B /* Build configuration list for PBXProject "__NON-CLI__" */ = {
			isa = XCConfigurationList;
			buildConfigurations = (
				C01FCF4F08A954540054247B /* Debug */,
				C01FCF5008A954540054247B /* Release */,
			);
			defaultConfigurationIsVisible = 0;
			defaultConfigurationName = Release;
		};
/* End XCConfigurationList section */
	};
	rootObject = 29B97313FDCFA39411CA2CEA /* Project object */;
}
